
Microsoft Visual Studio Solution File, Format Version 9.00
# Visual Studio 2005
Project("{FAE04EC0-301F-11D3-BF4B-00C04F79EFBC}") = "geoc", "geoc\geoc.csproj", "{4D49DB02-14E6-4BD0-B37F-95BFDE9679CA}"
EndProject
Global
	GlobalSection(SolutionConfigurationPlatforms) = preSolution
		Debug|Any CPU = Debug|Any CPU
		Release|Any CPU = Release|Any CPU
	EndGlobalSection
	GlobalSection(ProjectConfigurationPlatforms) = postSolution
		{4D49DB02-14E6-4BD0-B37F-95BFDE9679CA}.Debug|Any CPU.ActiveCfg = Debug|Any CPU
		{4D49DB02-14E6-4BD0-B37F-95BFDE9679CA}.Debug|Any CPU.Build.0 = Debug|Any CPU
		{4D49DB02-14E6-4BD0-B37F-95BFDE9679CA}.Debug|Any CPU.Deploy.0 = Debug|Any CPU
		{4D49DB02-14E6-4BD0-B37F-95BFDE9679CA}.Release|Any CPU.ActiveCfg = Release|Any CPU
		{4D49DB02-14E6-4BD0-B37F-95BFDE9679CA}.Release|Any CPU.Build.0 = Release|Any CPU
		{4D49DB02-14E6-4BD0-B37F-95BFDE9679CA}.Release|Any CPU.Deploy.0 = Release|Any CPU
	EndGlobalSection
	GlobalSection(SolutionProperties) = preSolution
		HideSolutionNode = FALSE
	EndGlobalSection
EndGlobal
